
Microsoft Visual Studio Solution File, Format Version 12.00
# Visual Studio Version 16
VisualStudioVersion = 16.0.31605.320
MinimumVisualStudioVersion = 10.0.40219.1
Project("{FAE04EC0-301F-11D3-BF4B-00C04F79EFBC}") = "LibraryMgmtSystem", "LibraryMgmtSystem\LibraryMgmtSystem.csproj", "{81C9DB3C-B24C-412A-BFC0-CF390D56D9B2}"
EndProject
Project("{FAE04EC0-301F-11D3-BF4B-00C04F79EFBC}") = "LibraryMgmtSystem.Service", "LibraryMgmtSystem.Service\LibraryMgmtSystem.Service.csproj", "{9B4D2B20-E5C8-442C-9873-82DC5E00722C}"
EndProject
Project("{FAE04EC0-301F-11D3-BF4B-00C04F79EFBC}") = "LibraryMgmtSystem.DAL", "LibraryMgmtSystem.DAL\LibraryMgmtSystem.DAL.csproj", "{BA03477B-D5B4-4C8C-9D09-BD1F015EE7DD}"
EndProject
Global
	GlobalSection(SolutionConfigurationPlatforms) = preSolution
		Debug|Any CPU = Debug|Any CPU
		Release|Any CPU = Release|Any CPU
	EndGlobalSection
	GlobalSection(ProjectConfigurationPlatforms) = postSolution
		{81C9DB3C-B24C-412A-BFC0-CF390D56D9B2}.Debug|Any CPU.ActiveCfg = Debug|Any CPU
		{81C9DB3C-B24C-412A-BFC0-CF390D56D9B2}.Debug|Any CPU.Build.0 = Debug|Any CPU
		{81C9DB3C-B24C-412A-BFC0-CF390D56D9B2}.Release|Any CPU.ActiveCfg = Release|Any CPU
		{81C9DB3C-B24C-412A-BFC0-CF390D56D9B2}.Release|Any CPU.Build.0 = Release|Any CPU
		{9B4D2B20-E5C8-442C-9873-82DC5E00722C}.Debug|Any CPU.ActiveCfg = Debug|Any CPU
		{9B4D2B20-E5C8-442C-9873-82DC5E00722C}.Debug|Any CPU.Build.0 = Debug|Any CPU
		{9B4D2B20-E5C8-442C-9873-82DC5E00722C}.Release|Any CPU.ActiveCfg = Release|Any CPU
		{9B4D2B20-E5C8-442C-9873-82DC5E00722C}.Release|Any CPU.Build.0 = Release|Any CPU
		{BA03477B-D5B4-4C8C-9D09-BD1F015EE7DD}.Debug|Any CPU.ActiveCfg = Debug|Any CPU
		{BA03477B-D5B4-4C8C-9D09-BD1F015EE7DD}.Debug|Any CPU.Build.0 = Debug|Any CPU
		{BA03477B-D5B4-4C8C-9D09-BD1F015EE7DD}.Release|Any CPU.ActiveCfg = Release|Any CPU
		{BA03477B-D5B4-4C8C-9D09-BD1F015EE7DD}.Release|Any CPU.Build.0 = Release|Any CPU
	EndGlobalSection
	GlobalSection(SolutionProperties) = preSolution
		HideSolutionNode = FALSE
	EndGlobalSection
	GlobalSection(ExtensibilityGlobals) = postSolution
		SolutionGuid = {A03D4022-AAF3-48F2-A1F1-FC538056DDD0}
	EndGlobalSection
EndGlobal
